# This file is automatically @generated by Cargo.
# It is not intended for manual editing.
version = 3

[[package]]
name = "belajar-rust-crate"
version = "0.1.0"
dependencies = [
 "belajar-say-hello",
]

[[package]]
name = "belajar-say-hello"
version = "0.2.0"
source = "registry+https://github.com/rust-lang/crates.io-index"
checksum = "eb0df4dc15f2d920c005a0743f53c81d562e833e3e13696776353ce871a3c769"
