# This file is automatically @generated by Cargo.
# It is not intended for manual editing.
version = 3

[[package]]
name = "belajar-rust-crate"
version = "0.1.0"
dependencies = [
 "belajar-say-hello",
]

[[package]]
name = "belajar-say-hello"
version = "0.1.0"
source = "registry+https://github.com/rust-lang/crates.io-index"
checksum = "bb83910a45d0f57d4b185ca940df309c45313f59d56a787c8fa7e3c3e68f3762"
